
Microsoft Visual Studio Solution File, Format Version 12.00
# Visual Studio Version 17
VisualStudioVersion = 17.1.32328.378
MinimumVisualStudioVersion = 10.0.40219.1
Project("{2150E333-8FDC-42A3-9474-1A3956D46DE8}") = "src", "src", "{A2167683-D53F-4649-BEF1-F764D08FE44C}"
EndProject
Project("{00D1A9C2-B5F0-4AF3-8072-F6C62B433612}") = "TrackFinances.Database", "TrackFinances.Database\TrackFinances.Database.sqlproj", "{5C2BEE52-A1F0-4836-9C2F-3CF7ECC57C8C}"
EndProject
Global
	GlobalSection(SolutionConfigurationPlatforms) = preSolution
		Debug|Any CPU = Debug|Any CPU
		Release|Any CPU = Release|Any CPU
	EndGlobalSection
	GlobalSection(ProjectConfigurationPlatforms) = postSolution
		{5C2BEE52-A1F0-4836-9C2F-3CF7ECC57C8C}.Debug|Any CPU.ActiveCfg = Debug|Any CPU
		{5C2BEE52-A1F0-4836-9C2F-3CF7ECC57C8C}.Debug|Any CPU.Build.0 = Debug|Any CPU
		{5C2BEE52-A1F0-4836-9C2F-3CF7ECC57C8C}.Debug|Any CPU.Deploy.0 = Debug|Any CPU
		{5C2BEE52-A1F0-4836-9C2F-3CF7ECC57C8C}.Release|Any CPU.ActiveCfg = Release|Any CPU
		{5C2BEE52-A1F0-4836-9C2F-3CF7ECC57C8C}.Release|Any CPU.Build.0 = Release|Any CPU
		{5C2BEE52-A1F0-4836-9C2F-3CF7ECC57C8C}.Release|Any CPU.Deploy.0 = Release|Any CPU
	EndGlobalSection
	GlobalSection(SolutionProperties) = preSolution
		HideSolutionNode = FALSE
	EndGlobalSection
	GlobalSection(NestedProjects) = preSolution
		{5C2BEE52-A1F0-4836-9C2F-3CF7ECC57C8C} = {A2167683-D53F-4649-BEF1-F764D08FE44C}
	EndGlobalSection
	GlobalSection(ExtensibilityGlobals) = postSolution
		SolutionGuid = {FB01885F-2F89-444A-AA7B-6833D72647AC}
	EndGlobalSection
EndGlobal
